{"format_version":"1.2","terraform_version":"1.10.5","planned_values":{"root_module":{"resources":[{"address":"aws_s3_bucket.bucket_terraform","mode":"managed","type":"aws_s3_bucket","name":"bucket_terraform","provider_name":"registry.terraform.io/hashicorp/aws","schema_version":0,"values":{"bucket":"meu-bucket-unico-terraform","force_destroy":false,"tags":{"Environment":"dev","Owner":"ana","Project":"meu-projeto"},"tags_all":{"Environment":"dev","Owner":"ana","Project":"meu-projeto"},"timeouts":null},"sensitive_values":{"cors_rule":[],"grant":[],"lifecycle_rule":[],"logging":[],"object_lock_configuration":[],"replication_configuration":[],"server_side_encryption_configuration":[],"tags":{},"tags_all":{},"versioning":[],"website":[]}}]}},"resource_changes":[{"address":"aws_s3_bucket.bucket_terraform","mode":"managed","type":"aws_s3_bucket","name":"bucket_terraform","provider_name":"registry.terraform.io/hashicorp/aws","change":{"actions":["create"],"before":null,"after":{"bucket":"meu-bucket-unico-terraform","force_destroy":false,"tags":{"Environment":"dev","Owner":"ana","Project":"meu-projeto"},"tags_all":{"Environment":"dev","Owner":"ana","Project":"meu-projeto"},"timeouts":null},"after_unknown":{"acceleration_status":true,"acl":true,"arn":true,"bucket_domain_name":true,"bucket_prefix":true,"bucket_regional_domain_name":true,"cors_rule":true,"grant":true,"hosted_zone_id":true,"id":true,"lifecycle_rule":true,"logging":true,"object_lock_configuration":true,"object_lock_enabled":true,"policy":true,"region":true,"replication_configuration":true,"request_payer":true,"server_side_encryption_configuration":true,"tags":{},"tags_all":{},"versioning":true,"website":true,"website_domain":true,"website_endpoint":true},"before_sensitive":false,"after_sensitive":{"cors_rule":[],"grant":[],"lifecycle_rule":[],"logging":[],"object_lock_configuration":[],"replication_configuration":[],"server_side_encryption_configuration":[],"tags":{},"tags_all":{},"versioning":[],"website":[]}}}],"configuration":{"provider_config":{"aws":{"name":"aws","full_name":"registry.terraform.io/hashicorp/aws","version_constraint":"~\u003e 5.0","expressions":{"region":{"constant_value":"us-east-2"}}}},"root_module":{"resources":[{"address":"aws_s3_bucket.bucket_terraform","mode":"managed","type":"aws_s3_bucket","name":"bucket_terraform","provider_config_key":"aws","expressions":{"bucket":{"constant_value":"meu-bucket-unico-terraform"},"tags":{"constant_value":{"Environment":"dev","Owner":"ana","Project":"meu-projeto"}}},"schema_version":0}]}},"timestamp":"2025-05-06T14:28:59Z","applyable":true,"complete":true,"errored":false}
